// !$*UTF8*$!
{
	archiveVersion = 1;
	classes = {
	};
	objectVersion = 77;
	objects = {

/* Begin PBXContainerItemProxy section */
		F6412A532CF4D6230012C928 /* PBXContainerItemProxy */ = {
			isa = PBXContainerItemProxy;
			containerPortal = F6412A3A2CF4D6210012C928 /* Project object */;
			proxyType = 1;
			remoteGlobalIDString = F6412A412CF4D6210012C928;
			remoteInfo = "PG5602_H24-4";
		};
		F6412A5D2CF4D6230012C928 /* PBXContainerItemProxy */ = {
			isa = PBXContainerItemProxy;
			containerPortal = F6412A3A2CF4D6210012C928 /* Project object */;
			proxyType = 1;
			remoteGlobalIDString = F6412A412CF4D6210012C928;
			remoteInfo = "PG5602_H24-4";
		};
/* End PBXContainerItemProxy section */

/* Begin PBXFileReference section */
		F6412A422CF4D6210012C928 /* PG5602_H24-4.app */ = {isa = PBXFileReference; explicitFileType = wrapper.application; includeInIndex = 0; path = "PG5602_H24-4.app"; sourceTree = BUILT_PRODUCTS_DIR; };
		F6412A522CF4D6230012C928 /* PG5602_H24-4Tests.xctest */ = {isa = PBXFileReference; explicitFileType = wrapper.cfbundle; includeInIndex = 0; path = "PG5602_H24-4Tests.xctest"; sourceTree = BUILT_PRODUCTS_DIR; };
		F6412A5C2CF4D6230012C928 /* PG5602_H24-4UITests.xctest */ = {isa = PBXFileReference; explicitFileType = wrapper.cfbundle; includeInIndex = 0; path = "PG5602_H24-4UITests.xctest"; sourceTree = BUILT_PRODUCTS_DIR; };
/* End PBXFileReference section */

/* Begin PBXFileSystemSynchronizedRootGroup section */
		F6412A442CF4D6210012C928 /* PG5602_H24-4 */ = {
			isa = PBXFileSystemSynchronizedRootGroup;
			path = "PG5602_H24-4";
			sourceTree = "<group>";
		};
		F6412A552CF4D6230012C928 /* PG5602_H24-4Tests */ = {
			isa = PBXFileSystemSynchronizedRootGroup;
			path = "PG5602_H24-4Tests";
			sourceTree = "<group>";
		};
		F6412A5F2CF4D6230012C928 /* PG5602_H24-4UITests */ = {
			isa = PBXFileSystemSynchronizedRootGroup;
			path = "PG5602_H24-4UITests";
			sourceTree = "<group>";
		};
/* End PBXFileSystemSynchronizedRootGroup section */

/* Begin PBXFrameworksBuildPhase section */
		F6412A3F2CF4D6210012C928 /* Frameworks */ = {
			isa = PBXFrameworksBuildPhase;
			buildActionMask = 2147483647;
			files = (
			);
			runOnlyForDeploymentPostprocessing = 0;
		};
		F6412A4F2CF4D6230012C928 /* Frameworks */ = {
			isa = PBXFrameworksBuildPhase;
			buildActionMask = 2147483647;
			files = (
			);
			runOnlyForDeploymentPostprocessing = 0;
		};
		F6412A592CF4D6230012C928 /* Frameworks */ = {
			isa = PBXFrameworksBuildPhase;
			buildActionMask = 2147483647;
			files = (
			);
			runOnlyForDeploymentPostprocessing = 0;
		};
/* End PBXFrameworksBuildPhase section */

/* Begin PBXGroup section */
		F6412A392CF4D6210012C928 = {
			isa = PBXGroup;
			children = (
				F6412A442CF4D6210012C928 /* PG5602_H24-4 */,
				F6412A552CF4D6230012C928 /* PG5602_H24-4Tests */,
				F6412A5F2CF4D6230012C928 /* PG5602_H24-4UITests */,
				F6412A432CF4D6210012C928 /* Products */,
			);
			sourceTree = "<group>";
		};
		F6412A432CF4D6210012C928 /* Products */ = {
			isa = PBXGroup;
			children = (
				F6412A422CF4D6210012C928 /* PG5602_H24-4.app */,
				F6412A522CF4D6230012C928 /* PG5602_H24-4Tests.xctest */,
				F6412A5C2CF4D6230012C928 /* PG5602_H24-4UITests.xctest */,
			);
			name = Products;
			sourceTree = "<group>";
		};
/* End PBXGroup section */

/* Begin PBXNativeTarget section */
		F6412A412CF4D6210012C928 /* PG5602_H24-4 */ = {
			isa = PBXNativeTarget;
			buildConfigurationList = F6412A662CF4D6230012C928 /* Build configuration list for PBXNativeTarget "PG5602_H24-4" */;
			buildPhases = (
				F6412A3E2CF4D6210012C928 /* Sources */,
				F6412A3F2CF4D6210012C928 /* Frameworks */,
				F6412A402CF4D6210012C928 /* Resources */,
			);
			buildRules = (
			);
			dependencies = (
			);
			fileSystemSynchronizedGroups = (
				F6412A442CF4D6210012C928 /* PG5602_H24-4 */,
			);
			name = "PG5602_H24-4";
			packageProductDependencies = (
			);
			productName = "PG5602_H24-4";
			productReference = F6412A422CF4D6210012C928 /* PG5602_H24-4.app */;
			productType = "com.apple.product-type.application";
		};
		F6412A512CF4D6230012C928 /* PG5602_H24-4Tests */ = {
			isa = PBXNativeTarget;
			buildConfigurationList = F6412A692CF4D6230012C928 /* Build configuration list for PBXNativeTarget "PG5602_H24-4Tests" */;
			buildPhases = (
				F6412A4E2CF4D6230012C928 /* Sources */,
				F6412A4F2CF4D6230012C928 /* Frameworks */,
				F6412A502CF4D6230012C928 /* Resources */,
			);
			buildRules = (
			);
			dependencies = (
				F6412A542CF4D6230012C928 /* PBXTargetDependency */,
			);
			fileSystemSynchronizedGroups = (
				F6412A552CF4D6230012C928 /* PG5602_H24-4Tests */,
			);
			name = "PG5602_H24-4Tests";
			packageProductDependencies = (
			);
			productName = "PG5602_H24-4Tests";
			productReference = F6412A522CF4D6230012C928 /* PG5602_H24-4Tests.xctest */;
			productType = "com.apple.product-type.bundle.unit-test";
		};
		F6412A5B2CF4D6230012C928 /* PG5602_H24-4UITests */ = {
			isa = PBXNativeTarget;
			buildConfigurationList = F6412A6C2CF4D6230012C928 /* Build configuration list for PBXNativeTarget "PG5602_H24-4UITests" */;
			buildPhases = (
				F6412A582CF4D6230012C928 /* Sources */,
				F6412A592CF4D6230012C928 /* Frameworks */,
				F6412A5A2CF4D6230012C928 /* Resources */,
			);
			buildRules = (
			);
			dependencies = (
				F6412A5E2CF4D6230012C928 /* PBXTargetDependency */,
			);
			fileSystemSynchronizedGroups = (
				F6412A5F2CF4D6230012C928 /* PG5602_H24-4UITests */,
			);
			name = "PG5602_H24-4UITests";
			packageProductDependencies = (
			);
			productName = "PG5602_H24-4UITests";
			productReference = F6412A5C2CF4D6230012C928 /* PG5602_H24-4UITests.xctest */;
			productType = "com.apple.product-type.bundle.ui-testing";
		};
/* End PBXNativeTarget section */

/* Begin PBXProject section */
		F6412A3A2CF4D6210012C928 /* Project object */ = {
			isa = PBXProject;
			attributes = {
				BuildIndependentTargetsInParallel = 1;
				LastSwiftUpdateCheck = 1610;
				LastUpgradeCheck = 1610;
				TargetAttributes = {
					F6412A412CF4D6210012C928 = {
						CreatedOnToolsVersion = 16.1;
					};
					F6412A512CF4D6230012C928 = {
						CreatedOnToolsVersion = 16.1;
						TestTargetID = F6412A412CF4D6210012C928;
					};
					F6412A5B2CF4D6230012C928 = {
						CreatedOnToolsVersion = 16.1;
						TestTargetID = F6412A412CF4D6210012C928;
					};
				};
			};
			buildConfigurationList = F6412A3D2CF4D6210012C928 /* Build configuration list for PBXProject "PG5602_H24-4" */;
			developmentRegion = en;
			hasScannedForEncodings = 0;
			knownRegions = (
				en,
				Base,
			);
			mainGroup = F6412A392CF4D6210012C928;
			minimizedProjectReferenceProxies = 1;
			preferredProjectObjectVersion = 77;
			productRefGroup = F6412A432CF4D6210012C928 /* Products */;
			projectDirPath = "";
			projectRoot = "";
			targets = (
				F6412A412CF4D6210012C928 /* PG5602_H24-4 */,
				F6412A512CF4D6230012C928 /* PG5602_H24-4Tests */,
				F6412A5B2CF4D6230012C928 /* PG5602_H24-4UITests */,
			);
		};
/* End PBXProject section */

/* Begin PBXResourcesBuildPhase section */
		F6412A402CF4D6210012C928 /* Resources */ = {
			isa = PBXResourcesBuildPhase;
			buildActionMask = 2147483647;
			files = (
			);
			runOnlyForDeploymentPostprocessing = 0;
		};
		F6412A502CF4D6230012C928 /* Resources */ = {
			isa = PBXResourcesBuildPhase;
			buildActionMask = 2147483647;
			files = (
			);
			runOnlyForDeploymentPostprocessing = 0;
		};
		F6412A5A2CF4D6230012C928 /* Resources */ = {
			isa = PBXResourcesBuildPhase;
			buildActionMask = 2147483647;
			files = (
			);
			runOnlyForDeploymentPostprocessing = 0;
		};
/* End PBXResourcesBuildPhase section */

/* Begin PBXSourcesBuildPhase section */
		F6412A3E2CF4D6210012C928 /* Sources */ = {
			isa = PBXSourcesBuildPhase;
			buildActionMask = 2147483647;
			files = (
			);
			runOnlyForDeploymentPostprocessing = 0;
		};
		F6412A4E2CF4D6230012C928 /* Sources */ = {
			isa = PBXSourcesBuildPhase;
			buildActionMask = 2147483647;
			files = (
			);
			runOnlyForDeploymentPostprocessing = 0;
		};
		F6412A582CF4D6230012C928 /* Sources */ = {
			isa = PBXSourcesBuildPhase;
			buildActionMask = 2147483647;
			files = (
			);
			runOnlyForDeploymentPostprocessing = 0;
		};
/* End PBXSourcesBuildPhase section */

/* Begin PBXTargetDependency section */
		F6412A542CF4D6230012C928 /* PBXTargetDependency */ = {
			isa = PBXTargetDependency;
			target = F6412A412CF4D6210012C928 /* PG5602_H24-4 */;
			targetProxy = F6412A532CF4D6230012C928 /* PBXContainerItemProxy */;
		};
		F6412A5E2CF4D6230012C928 /* PBXTargetDependency */ = {
			isa = PBXTargetDependency;
			target = F6412A412CF4D6210012C928 /* PG5602_H24-4 */;
			targetProxy = F6412A5D2CF4D6230012C928 /* PBXContainerItemProxy */;
		};
/* End PBXTargetDependency section */

/* Begin XCBuildConfiguration section */
		F6412A642CF4D6230012C928 /* Debug */ = {
			isa = XCBuildConfiguration;
			buildSettings = {
				ALWAYS_SEARCH_USER_PATHS = NO;
				ASSETCATALOG_COMPILER_GENERATE_SWIFT_ASSET_SYMBOL_EXTENSIONS = YES;
				CLANG_ANALYZER_NONNULL = YES;
				CLANG_ANALYZER_NUMBER_OBJECT_CONVERSION = YES_AGGRESSIVE;
				CLANG_CXX_LANGUAGE_STANDARD = "gnu++20";
				CLANG_ENABLE_MODULES = YES;
				CLANG_ENABLE_OBJC_ARC = YES;
				CLANG_ENABLE_OBJC_WEAK = YES;
				CLANG_WARN_BLOCK_CAPTURE_AUTORELEASING = YES;
				CLANG_WARN_BOOL_CONVERSION = YES;
				CLANG_WARN_COMMA = YES;
				CLANG_WARN_CONSTANT_CONVERSION = YES;
				CLANG_WARN_DEPRECATED_OBJC_IMPLEMENTATIONS = YES;
				CLANG_WARN_DIRECT_OBJC_ISA_USAGE = YES_ERROR;
				CLANG_WARN_DOCUMENTATION_COMMENTS = YES;
				CLANG_WARN_EMPTY_BODY = YES;
				CLANG_WARN_ENUM_CONVERSION = YES;
				CLANG_WARN_INFINITE_RECURSION = YES;
				CLANG_WARN_INT_CONVERSION = YES;
				CLANG_WARN_NON_LITERAL_NULL_CONVERSION = YES;
				CLANG_WARN_OBJC_IMPLICIT_RETAIN_SELF = YES;
				CLANG_WARN_OBJC_LITERAL_CONVERSION = YES;
				CLANG_WARN_OBJC_ROOT_CLASS = YES_ERROR;
				CLANG_WARN_QUOTED_INCLUDE_IN_FRAMEWORK_HEADER = YES;
				CLANG_WARN_RANGE_LOOP_ANALYSIS = YES;
				CLANG_WARN_STRICT_PROTOTYPES = YES;
				CLANG_WARN_SUSPICIOUS_MOVE = YES;
				CLANG_WARN_UNGUARDED_AVAILABILITY = YES_AGGRESSIVE;
				CLANG_WARN_UNREACHABLE_CODE = YES;
				CLANG_WARN__DUPLICATE_METHOD_MATCH = YES;
				COPY_PHASE_STRIP = NO;
				DEBUG_INFORMATION_FORMAT = dwarf;
				ENABLE_STRICT_OBJC_MSGSEND = YES;
				ENABLE_TESTABILITY = YES;
				ENABLE_USER_SCRIPT_SANDBOXING = YES;
				GCC_C_LANGUAGE_STANDARD = gnu17;
				GCC_DYNAMIC_NO_PIC = NO;
				GCC_NO_COMMON_BLOCKS = YES;
				GCC_OPTIMIZATION_LEVEL = 0;
				GCC_PREPROCESSOR_DEFINITIONS = (
					"DEBUG=1",
					"$(inherited)",
				);
				GCC_WARN_64_TO_32_BIT_CONVERSION = YES;
				GCC_WARN_ABOUT_RETURN_TYPE = YES_ERROR;
				GCC_WARN_UNDECLARED_SELECTOR = YES;
				GCC_WARN_UNINITIALIZED_AUTOS = YES_AGGRESSIVE;
				GCC_WARN_UNUSED_FUNCTION = YES;
				GCC_WARN_UNUSED_VARIABLE = YES;
				IPHONEOS_DEPLOYMENT_TARGET = 18.1;
				LOCALIZATION_PREFERS_STRING_CATALOGS = YES;
				MTL_ENABLE_DEBUG_INFO = INCLUDE_SOURCE;
				MTL_FAST_MATH = YES;
				ONLY_ACTIVE_ARCH = YES;
				SDKROOT = iphoneos;
				SWIFT_ACTIVE_COMPILATION_CONDITIONS = "DEBUG $(inherited)";
				SWIFT_OPTIMIZATION_LEVEL = "-Onone";
			};
			name = Debug;
		};
		F6412A652CF4D6230012C928 /* Release */ = {
			isa = XCBuildConfiguration;
			buildSettings = {
				ALWAYS_SEARCH_USER_PATHS = NO;
				ASSETCATALOG_COMPILER_GENERATE_SWIFT_ASSET_SYMBOL_EXTENSIONS = YES;
				CLANG_ANALYZER_NONNULL = YES;
				CLANG_ANALYZER_NUMBER_OBJECT_CONVERSION = YES_AGGRESSIVE;
				CLANG_CXX_LANGUAGE_STANDARD = "gnu++20";
				CLANG_ENABLE_MODULES = YES;
				CLANG_ENABLE_OBJC_ARC = YES;
				CLANG_ENABLE_OBJC_WEAK = YES;
				CLANG_WARN_BLOCK_CAPTURE_AUTORELEASING = YES;
				CLANG_WARN_BOOL_CONVERSION = YES;
				CLANG_WARN_COMMA = YES;
				CLANG_WARN_CONSTANT_CONVERSION = YES;
				CLANG_WARN_DEPRECATED_OBJC_IMPLEMENTATIONS = YES;
				CLANG_WARN_DIRECT_OBJC_ISA_USAGE = YES_ERROR;
				CLANG_WARN_DOCUMENTATION_COMMENTS = YES;
				CLANG_WARN_EMPTY_BODY = YES;
				CLANG_WARN_ENUM_CONVERSION = YES;
				CLANG_WARN_INFINITE_RECURSION = YES;
				CLANG_WARN_INT_CONVERSION = YES;
				CLANG_WARN_NON_LITERAL_NULL_CONVERSION = YES;
				CLANG_WARN_OBJC_IMPLICIT_RETAIN_SELF = YES;
				CLANG_WARN_OBJC_LITERAL_CONVERSION = YES;
				CLANG_WARN_OBJC_ROOT_CLASS = YES_ERROR;
				CLANG_WARN_QUOTED_INCLUDE_IN_FRAMEWORK_HEADER = YES;
				CLANG_WARN_RANGE_LOOP_ANALYSIS = YES;
				CLANG_WARN_STRICT_PROTOTYPES = YES;
				CLANG_WARN_SUSPICIOUS_MOVE = YES;
				CLANG_WARN_UNGUARDED_AVAILABILITY = YES_AGGRESSIVE;
				CLANG_WARN_UNREACHABLE_CODE = YES;
				CLANG_WARN__DUPLICATE_METHOD_MATCH = YES;
				COPY_PHASE_STRIP = NO;
				DEBUG_INFORMATION_FORMAT = "dwarf-with-dsym";
				ENABLE_NS_ASSERTIONS = NO;
				ENABLE_STRICT_OBJC_MSGSEND = YES;
				ENABLE_USER_SCRIPT_SANDBOXING = YES;
				GCC_C_LANGUAGE_STANDARD = gnu17;
				GCC_NO_COMMON_BLOCKS = YES;
				GCC_WARN_64_TO_32_BIT_CONVERSION = YES;
				GCC_WARN_ABOUT_RETURN_TYPE = YES_ERROR;
				GCC_WARN_UNDECLARED_SELECTOR = YES;
				GCC_WARN_UNINITIALIZED_AUTOS = YES_AGGRESSIVE;
				GCC_WARN_UNUSED_FUNCTION = YES;
				GCC_WARN_UNUSED_VARIABLE = YES;
				IPHONEOS_DEPLOYMENT_TARGET = 18.1;
				LOCALIZATION_PREFERS_STRING_CATALOGS = YES;
				MTL_ENABLE_DEBUG_INFO = NO;
				MTL_FAST_MATH = YES;
				SDKROOT = iphoneos;
				SWIFT_COMPILATION_MODE = wholemodule;
				VALIDATE_PRODUCT = YES;
			};
			name = Release;
		};
		F6412A672CF4D6230012C928 /* Debug */ = {
			isa = XCBuildConfiguration;
			buildSettings = {
				ASSETCATALOG_COMPILER_APPICON_NAME = AppIcon;
				ASSETCATALOG_COMPILER_GLOBAL_ACCENT_COLOR_NAME = AccentColor;
				CODE_SIGN_STYLE = Automatic;
				CURRENT_PROJECT_VERSION = 1;
				DEVELOPMENT_ASSET_PATHS = "\"PG5602_H24-4/Preview Content\"";
				DEVELOPMENT_TEAM = Q6BFBJ3X2R;
				ENABLE_PREVIEWS = YES;
				GENERATE_INFOPLIST_FILE = YES;
				INFOPLIST_KEY_CFBundleDisplayName = GlobeWire;
				INFOPLIST_KEY_LSApplicationCategoryType = "public.app-category.news";
				INFOPLIST_KEY_UIApplicationSceneManifest_Generation = YES;
				INFOPLIST_KEY_UIApplicationSupportsIndirectInputEvents = YES;
				INFOPLIST_KEY_UILaunchScreen_Generation = YES;
				INFOPLIST_KEY_UISupportedInterfaceOrientations_iPad = "UIInterfaceOrientationPortrait UIInterfaceOrientationPortraitUpsideDown UIInterfaceOrientationLandscapeLeft UIInterfaceOrientationLandscapeRight";
				INFOPLIST_KEY_UISupportedInterfaceOrientations_iPhone = "UIInterfaceOrientationPortrait UIInterfaceOrientationLandscapeLeft UIInterfaceOrientationLandscapeRight";
				LD_RUNPATH_SEARCH_PATHS = (
					"$(inherited)",
					"@executable_path/Frameworks",
				);
				MARKETING_VERSION = 1.0;
				PRODUCT_BUNDLE_IDENTIFIER = "com.GlobeWire.PG5602-H24-4";
				PRODUCT_NAME = "$(TARGET_NAME)";
				SWIFT_EMIT_LOC_STRINGS = YES;
				SWIFT_VERSION = 5.0;
				TARGETED_DEVICE_FAMILY = "1,2";
			};
			name = Debug;
		};
		F6412A682CF4D6230012C928 /* Release */ = {
			isa = XCBuildConfiguration;
			buildSettings = {
				ASSETCATALOG_COMPILER_APPICON_NAME = AppIcon;
				ASSETCATALOG_COMPILER_GLOBAL_ACCENT_COLOR_NAME = AccentColor;
				CODE_SIGN_STYLE = Automatic;
				CURRENT_PROJECT_VERSION = 1;
				DEVELOPMENT_ASSET_PATHS = "\"PG5602_H24-4/Preview Content\"";
				DEVELOPMENT_TEAM = Q6BFBJ3X2R;
				ENABLE_PREVIEWS = YES;
				GENERATE_INFOPLIST_FILE = YES;
				INFOPLIST_KEY_CFBundleDisplayName = GlobeWire;
				INFOPLIST_KEY_LSApplicationCategoryType = "public.app-category.news";
				INFOPLIST_KEY_UIApplicationSceneManifest_Generation = YES;
				INFOPLIST_KEY_UIApplicationSupportsIndirectInputEvents = YES;
				INFOPLIST_KEY_UILaunchScreen_Generation = YES;
				INFOPLIST_KEY_UISupportedInterfaceOrientations_iPad = "UIInterfaceOrientationPortrait UIInterfaceOrientationPortraitUpsideDown UIInterfaceOrientationLandscapeLeft UIInterfaceOrientationLandscapeRight";
				INFOPLIST_KEY_UISupportedInterfaceOrientations_iPhone = "UIInterfaceOrientationPortrait UIInterfaceOrientationLandscapeLeft UIInterfaceOrientationLandscapeRight";
				LD_RUNPATH_SEARCH_PATHS = (
					"$(inherited)",
					"@executable_path/Frameworks",
				);
				MARKETING_VERSION = 1.0;
				PRODUCT_BUNDLE_IDENTIFIER = "com.GlobeWire.PG5602-H24-4";
				PRODUCT_NAME = "$(TARGET_NAME)";
				SWIFT_EMIT_LOC_STRINGS = YES;
				SWIFT_VERSION = 5.0;
				TARGETED_DEVICE_FAMILY = "1,2";
			};
			name = Release;
		};
		F6412A6A2CF4D6230012C928 /* Debug */ = {
			isa = XCBuildConfiguration;
			buildSettings = {
				BUNDLE_LOADER = "$(TEST_HOST)";
				CODE_SIGN_STYLE = Automatic;
				CURRENT_PROJECT_VERSION = 1;
				DEVELOPMENT_TEAM = Q6BFBJ3X2R;
				GENERATE_INFOPLIST_FILE = YES;
				IPHONEOS_DEPLOYMENT_TARGET = 18.1;
				MARKETING_VERSION = 1.0;
				PRODUCT_BUNDLE_IDENTIFIER = "com.GlobeWire.PG5602-H24-4Tests";
				PRODUCT_NAME = "$(TARGET_NAME)";
				SWIFT_EMIT_LOC_STRINGS = NO;
				SWIFT_VERSION = 5.0;
				TARGETED_DEVICE_FAMILY = "1,2";
				TEST_HOST = "$(BUILT_PRODUCTS_DIR)/PG5602_H24-4.app/$(BUNDLE_EXECUTABLE_FOLDER_PATH)/PG5602_H24-4";
			};
			name = Debug;
		};
		F6412A6B2CF4D6230012C928 /* Release */ = {
			isa = XCBuildConfiguration;
			buildSettings = {
				BUNDLE_LOADER = "$(TEST_HOST)";
				CODE_SIGN_STYLE = Automatic;
				CURRENT_PROJECT_VERSION = 1;
				DEVELOPMENT_TEAM = Q6BFBJ3X2R;
				GENERATE_INFOPLIST_FILE = YES;
				IPHONEOS_DEPLOYMENT_TARGET = 18.1;
				MARKETING_VERSION = 1.0;
				PRODUCT_BUNDLE_IDENTIFIER = "com.GlobeWire.PG5602-H24-4Tests";
				PRODUCT_NAME = "$(TARGET_NAME)";
				SWIFT_EMIT_LOC_STRINGS = NO;
				SWIFT_VERSION = 5.0;
				TARGETED_DEVICE_FAMILY = "1,2";
				TEST_HOST = "$(BUILT_PRODUCTS_DIR)/PG5602_H24-4.app/$(BUNDLE_EXECUTABLE_FOLDER_PATH)/PG5602_H24-4";
			};
			name = Release;
		};
		F6412A6D2CF4D6230012C928 /* Debug */ = {
			isa = XCBuildConfiguration;
			buildSettings = {
				CODE_SIGN_STYLE = Automatic;
				CURRENT_PROJECT_VERSION = 1;
				DEVELOPMENT_TEAM = Q6BFBJ3X2R;
				GENERATE_INFOPLIST_FILE = YES;
				MARKETING_VERSION = 1.0;
				PRODUCT_BUNDLE_IDENTIFIER = "com.GlobeWire.PG5602-H24-4UITests";
				PRODUCT_NAME = "$(TARGET_NAME)";
				SWIFT_EMIT_LOC_STRINGS = NO;
				SWIFT_VERSION = 5.0;
				TARGETED_DEVICE_FAMILY = "1,2";
				TEST_TARGET_NAME = "PG5602_H24-4";
			};
			name = Debug;
		};
		F6412A6E2CF4D6230012C928 /* Release */ = {
			isa = XCBuildConfiguration;
			buildSettings = {
				CODE_SIGN_STYLE = Automatic;
				CURRENT_PROJECT_VERSION = 1;
				DEVELOPMENT_TEAM = Q6BFBJ3X2R;
				GENERATE_INFOPLIST_FILE = YES;
				MARKETING_VERSION = 1.0;
				PRODUCT_BUNDLE_IDENTIFIER = "com.GlobeWire.PG5602-H24-4UITests";
				PRODUCT_NAME = "$(TARGET_NAME)";
				SWIFT_EMIT_LOC_STRINGS = NO;
				SWIFT_VERSION = 5.0;
				TARGETED_DEVICE_FAMILY = "1,2";
				TEST_TARGET_NAME = "PG5602_H24-4";
			};
			name = Release;
		};
/* End XCBuildConfiguration section */

/* Begin XCConfigurationList section */
		F6412A3D2CF4D6210012C928 /* Build configuration list for PBXProject "PG5602_H24-4" */ = {
			isa = XCConfigurationList;
			buildConfigurations = (
				F6412A642CF4D6230012C928 /* Debug */,
				F6412A652CF4D6230012C928 /* Release */,
			);
			defaultConfigurationIsVisible = 0;
			defaultConfigurationName = Release;
		};
		F6412A662CF4D6230012C928 /* Build configuration list for PBXNativeTarget "PG5602_H24-4" */ = {
			isa = XCConfigurationList;
			buildConfigurations = (
				F6412A672CF4D6230012C928 /* Debug */,
				F6412A682CF4D6230012C928 /* Release */,
			);
			defaultConfigurationIsVisible = 0;
			defaultConfigurationName = Release;
		};
		F6412A692CF4D6230012C928 /* Build configuration list for PBXNativeTarget "PG5602_H24-4Tests" */ = {
			isa = XCConfigurationList;
			buildConfigurations = (
				F6412A6A2CF4D6230012C928 /* Debug */,
				F6412A6B2CF4D6230012C928 /* Release */,
			);
			defaultConfigurationIsVisible = 0;
			defaultConfigurationName = Release;
		};
		F6412A6C2CF4D6230012C928 /* Build configuration list for PBXNativeTarget "PG5602_H24-4UITests" */ = {
			isa = XCConfigurationList;
			buildConfigurations = (
				F6412A6D2CF4D6230012C928 /* Debug */,
				F6412A6E2CF4D6230012C928 /* Release */,
			);
			defaultConfigurationIsVisible = 0;
			defaultConfigurationName = Release;
		};
/* End XCConfigurationList section */
	};
	rootObject = F6412A3A2CF4D6210012C928 /* Project object */;
}
